
Microsoft Visual Studio Solution File, Format Version 12.00
# Visual Studio Version 17
VisualStudioVersion = 17.14.36414.22
MinimumVisualStudioVersion = 10.0.40219.1
Project("{FAE04EC0-301F-11D3-BF4B-00C04F79EFBC}") = "PractosOne", "PractosOne\PractosOne.csproj", "{39A744EF-FA61-47E6-9DAF-90CC2B13FF21}"
EndProject
Project("{FAE04EC0-301F-11D3-BF4B-00C04F79EFBC}") = "WpfLibrary1", "WpfLibrary1\WpfLibrary1.csproj", "{41871642-04B1-4326-8B2A-448F96E35F90}"
EndProject
Project("{FAE04EC0-301F-11D3-BF4B-00C04F79EFBC}") = "LibMas", "LibMas\LibMas.csproj", "{11CC5E7C-E97B-4949-83B4-6B5AEE5CB5AD}"
EndProject
Global
	GlobalSection(SolutionConfigurationPlatforms) = preSolution
		Debug|Any CPU = Debug|Any CPU
		Release|Any CPU = Release|Any CPU
	EndGlobalSection
	GlobalSection(ProjectConfigurationPlatforms) = postSolution
		{39A744EF-FA61-47E6-9DAF-90CC2B13FF21}.Debug|Any CPU.ActiveCfg = Debug|Any CPU
		{39A744EF-FA61-47E6-9DAF-90CC2B13FF21}.Debug|Any CPU.Build.0 = Debug|Any CPU
		{39A744EF-FA61-47E6-9DAF-90CC2B13FF21}.Release|Any CPU.ActiveCfg = Release|Any CPU
		{39A744EF-FA61-47E6-9DAF-90CC2B13FF21}.Release|Any CPU.Build.0 = Release|Any CPU
		{41871642-04B1-4326-8B2A-448F96E35F90}.Debug|Any CPU.ActiveCfg = Debug|Any CPU
		{41871642-04B1-4326-8B2A-448F96E35F90}.Debug|Any CPU.Build.0 = Debug|Any CPU
		{41871642-04B1-4326-8B2A-448F96E35F90}.Release|Any CPU.ActiveCfg = Release|Any CPU
		{41871642-04B1-4326-8B2A-448F96E35F90}.Release|Any CPU.Build.0 = Release|Any CPU
		{11CC5E7C-E97B-4949-83B4-6B5AEE5CB5AD}.Debug|Any CPU.ActiveCfg = Debug|Any CPU
		{11CC5E7C-E97B-4949-83B4-6B5AEE5CB5AD}.Debug|Any CPU.Build.0 = Debug|Any CPU
		{11CC5E7C-E97B-4949-83B4-6B5AEE5CB5AD}.Release|Any CPU.ActiveCfg = Release|Any CPU
		{11CC5E7C-E97B-4949-83B4-6B5AEE5CB5AD}.Release|Any CPU.Build.0 = Release|Any CPU
	EndGlobalSection
	GlobalSection(SolutionProperties) = preSolution
		HideSolutionNode = FALSE
	EndGlobalSection
	GlobalSection(ExtensibilityGlobals) = postSolution
		SolutionGuid = {AFB224B3-03D8-425B-8952-C2E8AF5184F0}
	EndGlobalSection
EndGlobal
